
Microsoft Visual Studio Solution File, Format Version 12.00
# Visual Studio Version 17
VisualStudioVersion = 17.9.34701.34
MinimumVisualStudioVersion = 10.0.40219.1
Project("{2150E333-8FDC-42A3-9474-1A3956D46DE8}") = "src", "src", "{0ABB0988-E9C5-4C8D-A38A-F814F8FA801D}"
EndProject
Project("{2150E333-8FDC-42A3-9474-1A3956D46DE8}") = "Modules", "Modules", "{D9CCCD21-D6C0-4D4C-82CA-98EA77A06659}"
EndProject
Project("{2150E333-8FDC-42A3-9474-1A3956D46DE8}") = "EventModule", "EventModule", "{17381840-C45D-4590-9C44-3CEA80546B42}"
EndProject
Project("{2150E333-8FDC-42A3-9474-1A3956D46DE8}") = "Common", "Common", "{84B9E243-B769-43BF-8772-40EE6F4984FA}"
EndProject
Project("{2150E333-8FDC-42A3-9474-1A3956D46DE8}") = "Solution Items", "Solution Items", "{3781C108-C144-465A-873C-488253C7B2F8}"
	ProjectSection(SolutionItems) = preProject
		.editorconfig = .editorconfig
		README.md = README.md
	EndProjectSection
EndProject
Project("{E53339B2-1760-4266-BCC7-CA923CBCF16C}") = "docker-compose", "docker-compose.dcproj", "{4226778E-7DC0-43E1-ACC4-65B079602F09}"
EndProject
Project("{9A19103F-16F7-4668-BE54-9A1E7A4F7556}") = "EventManagement.Events.Domain", "src\Modules\EventModule\EventManagement.Events.Domain\EventManagement.Events.Domain.csproj", "{F70ED43B-EF7E-4ADE-BF4D-CF118EC3E308}"
EndProject
Project("{9A19103F-16F7-4668-BE54-9A1E7A4F7556}") = "EventManagement.Events.Application", "src\Modules\EventModule\EventManagement.Events.Application\EventManagement.Events.Application.csproj", "{E05C4D04-65EF-45DB-965E-3C1517937A58}"
EndProject
Project("{9A19103F-16F7-4668-BE54-9A1E7A4F7556}") = "EventManagement.Events.Infrastructure", "src\Modules\EventModule\EventManagement.Events.Infrastructure\EventManagement.Events.Infrastructure.csproj", "{7BFB5118-5AFD-493D-9169-24C020BC6537}"
EndProject
Project("{9A19103F-16F7-4668-BE54-9A1E7A4F7556}") = "EventManagement.Common.Application", "src\Common\EventManagement.Common.Application\EventManagement.Common.Application.csproj", "{DB67BAA4-C45D-48C2-857C-161720A86FA7}"
EndProject
Project("{9A19103F-16F7-4668-BE54-9A1E7A4F7556}") = "EventManagement.Common.Domain", "src\Common\EventManagement.Common.Domain\EventManagement.Common.Domain.csproj", "{5A7F4779-87FE-4488-9B50-83725807D52C}"
EndProject
Project("{9A19103F-16F7-4668-BE54-9A1E7A4F7556}") = "EventManagement.Common.Infrastructure", "src\Common\EventManagement.Common.Infrastructure\EventManagement.Common.Infrastructure.csproj", "{92895006-B1AD-4F25-8D86-868E04E2D573}"
EndProject
Project("{2150E333-8FDC-42A3-9474-1A3956D46DE8}") = "UserModule", "UserModule", "{AAEAABF0-49C0-4179-B1A1-881A3285DBE8}"
EndProject
Project("{9A19103F-16F7-4668-BE54-9A1E7A4F7556}") = "EventManagement.Users.Infrastructure", "src\Modules\UserModule\EventManagement.Users.Infrastructure\EventManagement.Users.Infrastructure.csproj", "{3D56AB8E-6BC1-411D-B36B-E890B1A40816}"
EndProject
Project("{9A19103F-16F7-4668-BE54-9A1E7A4F7556}") = "EventManagement.Users.Domain", "src\Modules\UserModule\EventManagement.Users.Domain\EventManagement.Users.Domain.csproj", "{67C22287-8FDD-4D8E-B5B2-82A1EA9F85F2}"
EndProject
Project("{9A19103F-16F7-4668-BE54-9A1E7A4F7556}") = "EventManagement.Users.Application", "src\Modules\UserModule\EventManagement.Users.Application\EventManagement.Users.Application.csproj", "{3555A96D-91D4-446F-9975-1C2804DBBE8A}"
EndProject
Project("{2150E333-8FDC-42A3-9474-1A3956D46DE8}") = "Apis", "Apis", "{6B625CAE-B291-4004-9A4D-FBAD5466686C}"
EndProject
Project("{9A19103F-16F7-4668-BE54-9A1E7A4F7556}") = "EventManagement.Api", "src\Apis\EventManagement.Api\EventManagement.Api.csproj", "{398D1C6B-68FE-467F-9772-0A21DD7CF0A3}"
EndProject
Project("{2150E333-8FDC-42A3-9474-1A3956D46DE8}") = "TicketingModule", "TicketingModule", "{FDEDB384-00FA-4232-97E8-FAE561C974AC}"
EndProject
Project("{9A19103F-16F7-4668-BE54-9A1E7A4F7556}") = "EventManagement.Ticketing.Domain", "src\Modules\TicketingModule\EventManagement.Ticketing.Domain\EventManagement.Ticketing.Domain.csproj", "{047066A4-15BF-41D9-A893-8E9840F47FE3}"
EndProject
Project("{9A19103F-16F7-4668-BE54-9A1E7A4F7556}") = "EventManagement.Ticketing.Application", "src\Modules\TicketingModule\EventManagement.Ticketing.Application\EventManagement.Ticketing.Application.csproj", "{F1D74953-E2D9-463D-B95C-EEC69104423A}"
EndProject
Project("{9A19103F-16F7-4668-BE54-9A1E7A4F7556}") = "EventManagement.Ticketing.Infrastructure", "src\Modules\TicketingModule\EventManagement.Ticketing.Infrastructure\EventManagement.Ticketing.Infrastructure.csproj", "{01B36BFD-BEE2-45AA-B9ED-995730C2E5A3}"
EndProject
Project("{9A19103F-16F7-4668-BE54-9A1E7A4F7556}") = "EventManagement.Users.IntegrationEvents", "src\Modules\UserModule\EventManagement.Users.IntegrationEvents\EventManagement.Users.IntegrationEvents.csproj", "{277A6C3F-2C4C-447F-A31C-53A90C9D1E83}"
EndProject
Project("{2150E333-8FDC-42A3-9474-1A3956D46DE8}") = "AttendanceModule", "AttendanceModule", "{C60BC886-5CE2-48F6-B1A8-71D677182DBB}"
EndProject
Project("{9A19103F-16F7-4668-BE54-9A1E7A4F7556}") = "EventManagement.Attendance.Domain", "src\Modules\AttendanceModule\EventManagement.Attendance.Domain\EventManagement.Attendance.Domain.csproj", "{72B4BBF7-DF4D-474A-95C3-9F92C7BBFA45}"
EndProject
Project("{9A19103F-16F7-4668-BE54-9A1E7A4F7556}") = "EventManagement.Attendance.Application", "src\Modules\AttendanceModule\EventManagement.Attendance.Application\EventManagement.Attendance.Application.csproj", "{9FBE030F-65D9-4B00-8C3A-68D421531B7D}"
EndProject
Project("{9A19103F-16F7-4668-BE54-9A1E7A4F7556}") = "EventManagement.Attendance.Infrastructure", "src\Modules\AttendanceModule\EventManagement.Attendance.Infrastructure\EventManagement.Attendance.Infrastructure.csproj", "{1F0478F1-E09F-4E80-8D85-38E297C16761}"
EndProject
Project("{9A19103F-16F7-4668-BE54-9A1E7A4F7556}") = "EventManagement.Attendance.IntegrationEvents", "src\Modules\AttendanceModule\EventManagement.IntegrationEvents\EventManagement.Attendance.IntegrationEvents.csproj", "{813145ED-E35B-42D2-A001-D8A185B54D0A}"
EndProject
Project("{2150E333-8FDC-42A3-9474-1A3956D46DE8}") = "test", "test", "{B795EB31-F802-4332-A912-429964B45F6C}"
EndProject
Project("{9A19103F-16F7-4668-BE54-9A1E7A4F7556}") = "EventManagement.ArchitectureTests", "test\EventManagement.ArchitectureTests\EventManagement.ArchitectureTests.csproj", "{50433031-DC97-4575-AD59-969236A47A22}"
EndProject
Project("{2150E333-8FDC-42A3-9474-1A3956D46DE8}") = "test", "test", "{D3B8ABF0-0641-43ED-8561-4B9B3F11B0E5}"
EndProject
Project("{9A19103F-16F7-4668-BE54-9A1E7A4F7556}") = "EventManagement.Users.ArchitectureTests", "src\Modules\UserModule\test\EventManagement.Users.ArchitectureTests\EventManagement.Users.ArchitectureTests.csproj", "{45DC2C0E-4191-4474-A7FB-D399D95A0E0C}"
EndProject
Project("{9A19103F-16F7-4668-BE54-9A1E7A4F7556}") = "EventManagement.Events.IntegrationEvents", "src\Modules\EventModule\EventManagement.Events.IntegrationEvents\EventManagement.Events.IntegrationEvents.csproj", "{01D0077E-38D0-4D5C-9216-268E07DF84FF}"
EndProject
Global
	GlobalSection(SolutionConfigurationPlatforms) = preSolution
		Debug|Any CPU = Debug|Any CPU
		Release|Any CPU = Release|Any CPU
	EndGlobalSection
	GlobalSection(ProjectConfigurationPlatforms) = postSolution
		{4226778E-7DC0-43E1-ACC4-65B079602F09}.Debug|Any CPU.ActiveCfg = Debug|Any CPU
		{4226778E-7DC0-43E1-ACC4-65B079602F09}.Debug|Any CPU.Build.0 = Debug|Any CPU
		{4226778E-7DC0-43E1-ACC4-65B079602F09}.Release|Any CPU.ActiveCfg = Release|Any CPU
		{4226778E-7DC0-43E1-ACC4-65B079602F09}.Release|Any CPU.Build.0 = Release|Any CPU
		{F70ED43B-EF7E-4ADE-BF4D-CF118EC3E308}.Debug|Any CPU.ActiveCfg = Debug|Any CPU
		{F70ED43B-EF7E-4ADE-BF4D-CF118EC3E308}.Debug|Any CPU.Build.0 = Debug|Any CPU
		{F70ED43B-EF7E-4ADE-BF4D-CF118EC3E308}.Release|Any CPU.ActiveCfg = Release|Any CPU
		{F70ED43B-EF7E-4ADE-BF4D-CF118EC3E308}.Release|Any CPU.Build.0 = Release|Any CPU
		{E05C4D04-65EF-45DB-965E-3C1517937A58}.Debug|Any CPU.ActiveCfg = Debug|Any CPU
		{E05C4D04-65EF-45DB-965E-3C1517937A58}.Debug|Any CPU.Build.0 = Debug|Any CPU
		{E05C4D04-65EF-45DB-965E-3C1517937A58}.Release|Any CPU.ActiveCfg = Release|Any CPU
		{E05C4D04-65EF-45DB-965E-3C1517937A58}.Release|Any CPU.Build.0 = Release|Any CPU
		{7BFB5118-5AFD-493D-9169-24C020BC6537}.Debug|Any CPU.ActiveCfg = Debug|Any CPU
		{7BFB5118-5AFD-493D-9169-24C020BC6537}.Debug|Any CPU.Build.0 = Debug|Any CPU
		{7BFB5118-5AFD-493D-9169-24C020BC6537}.Release|Any CPU.ActiveCfg = Release|Any CPU
		{7BFB5118-5AFD-493D-9169-24C020BC6537}.Release|Any CPU.Build.0 = Release|Any CPU
		{DB67BAA4-C45D-48C2-857C-161720A86FA7}.Debug|Any CPU.ActiveCfg = Debug|Any CPU
		{DB67BAA4-C45D-48C2-857C-161720A86FA7}.Debug|Any CPU.Build.0 = Debug|Any CPU
		{DB67BAA4-C45D-48C2-857C-161720A86FA7}.Release|Any CPU.ActiveCfg = Release|Any CPU
		{DB67BAA4-C45D-48C2-857C-161720A86FA7}.Release|Any CPU.Build.0 = Release|Any CPU
		{5A7F4779-87FE-4488-9B50-83725807D52C}.Debug|Any CPU.ActiveCfg = Debug|Any CPU
		{5A7F4779-87FE-4488-9B50-83725807D52C}.Debug|Any CPU.Build.0 = Debug|Any CPU
		{5A7F4779-87FE-4488-9B50-83725807D52C}.Release|Any CPU.ActiveCfg = Release|Any CPU
		{5A7F4779-87FE-4488-9B50-83725807D52C}.Release|Any CPU.Build.0 = Release|Any CPU
		{92895006-B1AD-4F25-8D86-868E04E2D573}.Debug|Any CPU.ActiveCfg = Debug|Any CPU
		{92895006-B1AD-4F25-8D86-868E04E2D573}.Debug|Any CPU.Build.0 = Debug|Any CPU
		{92895006-B1AD-4F25-8D86-868E04E2D573}.Release|Any CPU.ActiveCfg = Release|Any CPU
		{92895006-B1AD-4F25-8D86-868E04E2D573}.Release|Any CPU.Build.0 = Release|Any CPU
		{3D56AB8E-6BC1-411D-B36B-E890B1A40816}.Debug|Any CPU.ActiveCfg = Debug|Any CPU
		{3D56AB8E-6BC1-411D-B36B-E890B1A40816}.Debug|Any CPU.Build.0 = Debug|Any CPU
		{3D56AB8E-6BC1-411D-B36B-E890B1A40816}.Release|Any CPU.ActiveCfg = Release|Any CPU
		{3D56AB8E-6BC1-411D-B36B-E890B1A40816}.Release|Any CPU.Build.0 = Release|Any CPU
		{67C22287-8FDD-4D8E-B5B2-82A1EA9F85F2}.Debug|Any CPU.ActiveCfg = Debug|Any CPU
		{67C22287-8FDD-4D8E-B5B2-82A1EA9F85F2}.Debug|Any CPU.Build.0 = Debug|Any CPU
		{67C22287-8FDD-4D8E-B5B2-82A1EA9F85F2}.Release|Any CPU.ActiveCfg = Release|Any CPU
		{67C22287-8FDD-4D8E-B5B2-82A1EA9F85F2}.Release|Any CPU.Build.0 = Release|Any CPU
		{3555A96D-91D4-446F-9975-1C2804DBBE8A}.Debug|Any CPU.ActiveCfg = Debug|Any CPU
		{3555A96D-91D4-446F-9975-1C2804DBBE8A}.Debug|Any CPU.Build.0 = Debug|Any CPU
		{3555A96D-91D4-446F-9975-1C2804DBBE8A}.Release|Any CPU.ActiveCfg = Release|Any CPU
		{3555A96D-91D4-446F-9975-1C2804DBBE8A}.Release|Any CPU.Build.0 = Release|Any CPU
		{398D1C6B-68FE-467F-9772-0A21DD7CF0A3}.Debug|Any CPU.ActiveCfg = Debug|Any CPU
		{398D1C6B-68FE-467F-9772-0A21DD7CF0A3}.Debug|Any CPU.Build.0 = Debug|Any CPU
		{398D1C6B-68FE-467F-9772-0A21DD7CF0A3}.Release|Any CPU.ActiveCfg = Release|Any CPU
		{398D1C6B-68FE-467F-9772-0A21DD7CF0A3}.Release|Any CPU.Build.0 = Release|Any CPU
		{047066A4-15BF-41D9-A893-8E9840F47FE3}.Debug|Any CPU.ActiveCfg = Debug|Any CPU
		{047066A4-15BF-41D9-A893-8E9840F47FE3}.Debug|Any CPU.Build.0 = Debug|Any CPU
		{047066A4-15BF-41D9-A893-8E9840F47FE3}.Release|Any CPU.ActiveCfg = Release|Any CPU
		{047066A4-15BF-41D9-A893-8E9840F47FE3}.Release|Any CPU.Build.0 = Release|Any CPU
		{F1D74953-E2D9-463D-B95C-EEC69104423A}.Debug|Any CPU.ActiveCfg = Debug|Any CPU
		{F1D74953-E2D9-463D-B95C-EEC69104423A}.Debug|Any CPU.Build.0 = Debug|Any CPU
		{F1D74953-E2D9-463D-B95C-EEC69104423A}.Release|Any CPU.ActiveCfg = Release|Any CPU
		{F1D74953-E2D9-463D-B95C-EEC69104423A}.Release|Any CPU.Build.0 = Release|Any CPU
		{01B36BFD-BEE2-45AA-B9ED-995730C2E5A3}.Debug|Any CPU.ActiveCfg = Debug|Any CPU
		{01B36BFD-BEE2-45AA-B9ED-995730C2E5A3}.Debug|Any CPU.Build.0 = Debug|Any CPU
		{01B36BFD-BEE2-45AA-B9ED-995730C2E5A3}.Release|Any CPU.ActiveCfg = Release|Any CPU
		{01B36BFD-BEE2-45AA-B9ED-995730C2E5A3}.Release|Any CPU.Build.0 = Release|Any CPU
		{277A6C3F-2C4C-447F-A31C-53A90C9D1E83}.Debug|Any CPU.ActiveCfg = Debug|Any CPU
		{277A6C3F-2C4C-447F-A31C-53A90C9D1E83}.Debug|Any CPU.Build.0 = Debug|Any CPU
		{277A6C3F-2C4C-447F-A31C-53A90C9D1E83}.Release|Any CPU.ActiveCfg = Release|Any CPU
		{277A6C3F-2C4C-447F-A31C-53A90C9D1E83}.Release|Any CPU.Build.0 = Release|Any CPU
		{72B4BBF7-DF4D-474A-95C3-9F92C7BBFA45}.Debug|Any CPU.ActiveCfg = Debug|Any CPU
		{72B4BBF7-DF4D-474A-95C3-9F92C7BBFA45}.Debug|Any CPU.Build.0 = Debug|Any CPU
		{72B4BBF7-DF4D-474A-95C3-9F92C7BBFA45}.Release|Any CPU.ActiveCfg = Release|Any CPU
		{72B4BBF7-DF4D-474A-95C3-9F92C7BBFA45}.Release|Any CPU.Build.0 = Release|Any CPU
		{9FBE030F-65D9-4B00-8C3A-68D421531B7D}.Debug|Any CPU.ActiveCfg = Debug|Any CPU
		{9FBE030F-65D9-4B00-8C3A-68D421531B7D}.Debug|Any CPU.Build.0 = Debug|Any CPU
		{9FBE030F-65D9-4B00-8C3A-68D421531B7D}.Release|Any CPU.ActiveCfg = Release|Any CPU
		{9FBE030F-65D9-4B00-8C3A-68D421531B7D}.Release|Any CPU.Build.0 = Release|Any CPU
		{1F0478F1-E09F-4E80-8D85-38E297C16761}.Debug|Any CPU.ActiveCfg = Debug|Any CPU
		{1F0478F1-E09F-4E80-8D85-38E297C16761}.Debug|Any CPU.Build.0 = Debug|Any CPU
		{1F0478F1-E09F-4E80-8D85-38E297C16761}.Release|Any CPU.ActiveCfg = Release|Any CPU
		{1F0478F1-E09F-4E80-8D85-38E297C16761}.Release|Any CPU.Build.0 = Release|Any CPU
		{813145ED-E35B-42D2-A001-D8A185B54D0A}.Debug|Any CPU.ActiveCfg = Debug|Any CPU
		{813145ED-E35B-42D2-A001-D8A185B54D0A}.Debug|Any CPU.Build.0 = Debug|Any CPU
		{813145ED-E35B-42D2-A001-D8A185B54D0A}.Release|Any CPU.ActiveCfg = Release|Any CPU
		{813145ED-E35B-42D2-A001-D8A185B54D0A}.Release|Any CPU.Build.0 = Release|Any CPU
		{50433031-DC97-4575-AD59-969236A47A22}.Debug|Any CPU.ActiveCfg = Debug|Any CPU
		{50433031-DC97-4575-AD59-969236A47A22}.Debug|Any CPU.Build.0 = Debug|Any CPU
		{50433031-DC97-4575-AD59-969236A47A22}.Release|Any CPU.ActiveCfg = Release|Any CPU
		{50433031-DC97-4575-AD59-969236A47A22}.Release|Any CPU.Build.0 = Release|Any CPU
		{45DC2C0E-4191-4474-A7FB-D399D95A0E0C}.Debug|Any CPU.ActiveCfg = Debug|Any CPU
		{45DC2C0E-4191-4474-A7FB-D399D95A0E0C}.Debug|Any CPU.Build.0 = Debug|Any CPU
		{45DC2C0E-4191-4474-A7FB-D399D95A0E0C}.Release|Any CPU.ActiveCfg = Release|Any CPU
		{45DC2C0E-4191-4474-A7FB-D399D95A0E0C}.Release|Any CPU.Build.0 = Release|Any CPU
		{01D0077E-38D0-4D5C-9216-268E07DF84FF}.Debug|Any CPU.ActiveCfg = Debug|Any CPU
		{01D0077E-38D0-4D5C-9216-268E07DF84FF}.Debug|Any CPU.Build.0 = Debug|Any CPU
		{01D0077E-38D0-4D5C-9216-268E07DF84FF}.Release|Any CPU.ActiveCfg = Release|Any CPU
		{01D0077E-38D0-4D5C-9216-268E07DF84FF}.Release|Any CPU.Build.0 = Release|Any CPU
	EndGlobalSection
	GlobalSection(SolutionProperties) = preSolution
		HideSolutionNode = FALSE
	EndGlobalSection
	GlobalSection(NestedProjects) = preSolution
		{D9CCCD21-D6C0-4D4C-82CA-98EA77A06659} = {0ABB0988-E9C5-4C8D-A38A-F814F8FA801D}
		{17381840-C45D-4590-9C44-3CEA80546B42} = {D9CCCD21-D6C0-4D4C-82CA-98EA77A06659}
		{84B9E243-B769-43BF-8772-40EE6F4984FA} = {0ABB0988-E9C5-4C8D-A38A-F814F8FA801D}
		{F70ED43B-EF7E-4ADE-BF4D-CF118EC3E308} = {17381840-C45D-4590-9C44-3CEA80546B42}
		{E05C4D04-65EF-45DB-965E-3C1517937A58} = {17381840-C45D-4590-9C44-3CEA80546B42}
		{7BFB5118-5AFD-493D-9169-24C020BC6537} = {17381840-C45D-4590-9C44-3CEA80546B42}
		{DB67BAA4-C45D-48C2-857C-161720A86FA7} = {84B9E243-B769-43BF-8772-40EE6F4984FA}
		{5A7F4779-87FE-4488-9B50-83725807D52C} = {84B9E243-B769-43BF-8772-40EE6F4984FA}
		{92895006-B1AD-4F25-8D86-868E04E2D573} = {84B9E243-B769-43BF-8772-40EE6F4984FA}
		{AAEAABF0-49C0-4179-B1A1-881A3285DBE8} = {D9CCCD21-D6C0-4D4C-82CA-98EA77A06659}
		{3D56AB8E-6BC1-411D-B36B-E890B1A40816} = {AAEAABF0-49C0-4179-B1A1-881A3285DBE8}
		{67C22287-8FDD-4D8E-B5B2-82A1EA9F85F2} = {AAEAABF0-49C0-4179-B1A1-881A3285DBE8}
		{3555A96D-91D4-446F-9975-1C2804DBBE8A} = {AAEAABF0-49C0-4179-B1A1-881A3285DBE8}
		{6B625CAE-B291-4004-9A4D-FBAD5466686C} = {0ABB0988-E9C5-4C8D-A38A-F814F8FA801D}
		{398D1C6B-68FE-467F-9772-0A21DD7CF0A3} = {6B625CAE-B291-4004-9A4D-FBAD5466686C}
		{FDEDB384-00FA-4232-97E8-FAE561C974AC} = {D9CCCD21-D6C0-4D4C-82CA-98EA77A06659}
		{047066A4-15BF-41D9-A893-8E9840F47FE3} = {FDEDB384-00FA-4232-97E8-FAE561C974AC}
		{F1D74953-E2D9-463D-B95C-EEC69104423A} = {FDEDB384-00FA-4232-97E8-FAE561C974AC}
		{01B36BFD-BEE2-45AA-B9ED-995730C2E5A3} = {FDEDB384-00FA-4232-97E8-FAE561C974AC}
		{277A6C3F-2C4C-447F-A31C-53A90C9D1E83} = {AAEAABF0-49C0-4179-B1A1-881A3285DBE8}
		{C60BC886-5CE2-48F6-B1A8-71D677182DBB} = {D9CCCD21-D6C0-4D4C-82CA-98EA77A06659}
		{72B4BBF7-DF4D-474A-95C3-9F92C7BBFA45} = {C60BC886-5CE2-48F6-B1A8-71D677182DBB}
		{9FBE030F-65D9-4B00-8C3A-68D421531B7D} = {C60BC886-5CE2-48F6-B1A8-71D677182DBB}
		{1F0478F1-E09F-4E80-8D85-38E297C16761} = {C60BC886-5CE2-48F6-B1A8-71D677182DBB}
		{813145ED-E35B-42D2-A001-D8A185B54D0A} = {C60BC886-5CE2-48F6-B1A8-71D677182DBB}
		{50433031-DC97-4575-AD59-969236A47A22} = {B795EB31-F802-4332-A912-429964B45F6C}
		{D3B8ABF0-0641-43ED-8561-4B9B3F11B0E5} = {AAEAABF0-49C0-4179-B1A1-881A3285DBE8}
		{45DC2C0E-4191-4474-A7FB-D399D95A0E0C} = {D3B8ABF0-0641-43ED-8561-4B9B3F11B0E5}
		{01D0077E-38D0-4D5C-9216-268E07DF84FF} = {17381840-C45D-4590-9C44-3CEA80546B42}
	EndGlobalSection
	GlobalSection(ExtensibilityGlobals) = postSolution
		SolutionGuid = {FD6A2B0E-7C4C-4772-A1B0-F3455479408C}
	EndGlobalSection
EndGlobal
